// !$*UTF8*$!
{
	archiveVersion = 1;
	classes = {
	};
	objectVersion = 46;
	objects = {

/* Begin PBXBuildFile section */
		47CF091F1C7A466C0077D437 /* AppDelegate.swift in Sources */ = {isa = PBXBuildFile; fileRef = 47CF091E1C7A466C0077D437 /* AppDelegate.swift */; };
		47CF09211C7A466C0077D437 /* ViewController.swift in Sources */ = {isa = PBXBuildFile; fileRef = 47CF09201C7A466C0077D437 /* ViewController.swift */; };
		47CF09241C7A466C0077D437 /* Main.storyboard in Resources */ = {isa = PBXBuildFile; fileRef = 47CF09221C7A466C0077D437 /* Main.storyboard */; };
		47CF09261C7A466C0077D437 /* Assets.xcassets in Resources */ = {isa = PBXBuildFile; fileRef = 47CF09251C7A466C0077D437 /* Assets.xcassets */; };
		47CF09291C7A466C0077D437 /* LaunchScreen.storyboard in Resources */ = {isa = PBXBuildFile; fileRef = 47CF09271C7A466C0077D437 /* LaunchScreen.storyboard */; };
		47CF09341C7A466C0077D437 /* WatchSwordTests.swift in Sources */ = {isa = PBXBuildFile; fileRef = 47CF09331C7A466C0077D437 /* WatchSwordTests.swift */; };
		47CF093F1C7A466C0077D437 /* WatchSwordUITests.swift in Sources */ = {isa = PBXBuildFile; fileRef = 47CF093E1C7A466C0077D437 /* WatchSwordUITests.swift */; };
		47CF09441C7A466C0077D437 /* WatchSword WatchKit App.app in Embed Watch Content */ = {isa = PBXBuildFile; fileRef = 47CF09431C7A466C0077D437 /* WatchSword WatchKit App.app */; };
		47CF094A1C7A466C0077D437 /* Interface.storyboard in Resources */ = {isa = PBXBuildFile; fileRef = 47CF09481C7A466C0077D437 /* Interface.storyboard */; };
		47CF094C1C7A466C0077D437 /* Assets.xcassets in Resources */ = {isa = PBXBuildFile; fileRef = 47CF094B1C7A466C0077D437 /* Assets.xcassets */; };
		47CF09531C7A466C0077D437 /* WatchSword WatchKit Extension.appex in Embed App Extensions */ = {isa = PBXBuildFile; fileRef = 47CF09521C7A466C0077D437 /* WatchSword WatchKit Extension.appex */; settings = {ATTRIBUTES = (RemoveHeadersOnCopy, ); }; };
		47CF095A1C7A466C0077D437 /* InterfaceController.swift in Sources */ = {isa = PBXBuildFile; fileRef = 47CF09591C7A466C0077D437 /* InterfaceController.swift */; };
		47CF095C1C7A466C0077D437 /* ExtensionDelegate.swift in Sources */ = {isa = PBXBuildFile; fileRef = 47CF095B1C7A466C0077D437 /* ExtensionDelegate.swift */; };
		47CF095E1C7A466C0077D437 /* NotificationController.swift in Sources */ = {isa = PBXBuildFile; fileRef = 47CF095D1C7A466C0077D437 /* NotificationController.swift */; };
		47CF09601C7A466C0077D437 /* Assets.xcassets in Resources */ = {isa = PBXBuildFile; fileRef = 47CF095F1C7A466C0077D437 /* Assets.xcassets */; };
/* End PBXBuildFile section */

/* Begin PBXContainerItemProxy section */
		47CF09301C7A466C0077D437 /* PBXContainerItemProxy */ = {
			isa = PBXContainerItemProxy;
			containerPortal = 47CF09131C7A466C0077D437 /* Project object */;
			proxyType = 1;
			remoteGlobalIDString = 47CF091A1C7A466C0077D437;
			remoteInfo = WatchSword;
		};
		47CF093B1C7A466C0077D437 /* PBXContainerItemProxy */ = {
			isa = PBXContainerItemProxy;
			containerPortal = 47CF09131C7A466C0077D437 /* Project object */;
			proxyType = 1;
			remoteGlobalIDString = 47CF091A1C7A466C0077D437;
			remoteInfo = WatchSword;
		};
		47CF09451C7A466C0077D437 /* PBXContainerItemProxy */ = {
			isa = PBXContainerItemProxy;
			containerPortal = 47CF09131C7A466C0077D437 /* Project object */;
			proxyType = 1;
			remoteGlobalIDString = 47CF09421C7A466C0077D437;
			remoteInfo = "WatchSword WatchKit App";
		};
		47CF09541C7A466C0077D437 /* PBXContainerItemProxy */ = {
			isa = PBXContainerItemProxy;
			containerPortal = 47CF09131C7A466C0077D437 /* Project object */;
			proxyType = 1;
			remoteGlobalIDString = 47CF09511C7A466C0077D437;
			remoteInfo = "WatchSword WatchKit Extension";
		};
/* End PBXContainerItemProxy section */

/* Begin PBXCopyFilesBuildPhase section */
		47CF09671C7A466C0077D437 /* Embed App Extensions */ = {
			isa = PBXCopyFilesBuildPhase;
			buildActionMask = 2147483647;
			dstPath = "";
			dstSubfolderSpec = 13;
			files = (
				47CF09531C7A466C0077D437 /* WatchSword WatchKit Extension.appex in Embed App Extensions */,
			);
			name = "Embed App Extensions";
			runOnlyForDeploymentPostprocessing = 0;
		};
		47CF096B1C7A466C0077D437 /* Embed Watch Content */ = {
			isa = PBXCopyFilesBuildPhase;
			buildActionMask = 2147483647;
			dstPath = "$(CONTENTS_FOLDER_PATH)/Watch";
			dstSubfolderSpec = 16;
			files = (
				47CF09441C7A466C0077D437 /* WatchSword WatchKit App.app in Embed Watch Content */,
			);
			name = "Embed Watch Content";
			runOnlyForDeploymentPostprocessing = 0;
		};
/* End PBXCopyFilesBuildPhase section */

/* Begin PBXFileReference section */
		47CF091B1C7A466C0077D437 /* WatchSword.app */ = {isa = PBXFileReference; explicitFileType = wrapper.application; includeInIndex = 0; path = WatchSword.app; sourceTree = BUILT_PRODUCTS_DIR; };
		47CF091E1C7A466C0077D437 /* AppDelegate.swift */ = {isa = PBXFileReference; lastKnownFileType = sourcecode.swift; path = AppDelegate.swift; sourceTree = "<group>"; };
		47CF09201C7A466C0077D437 /* ViewController.swift */ = {isa = PBXFileReference; lastKnownFileType = sourcecode.swift; path = ViewController.swift; sourceTree = "<group>"; };
		47CF09231C7A466C0077D437 /* Base */ = {isa = PBXFileReference; lastKnownFileType = file.storyboard; name = Base; path = Base.lproj/Main.storyboard; sourceTree = "<group>"; };
		47CF09251C7A466C0077D437 /* Assets.xcassets */ = {isa = PBXFileReference; lastKnownFileType = folder.assetcatalog; path = Assets.xcassets; sourceTree = "<group>"; };
		47CF09281C7A466C0077D437 /* Base */ = {isa = PBXFileReference; lastKnownFileType = file.storyboard; name = Base; path = Base.lproj/LaunchScreen.storyboard; sourceTree = "<group>"; };
		47CF092A1C7A466C0077D437 /* Info.plist */ = {isa = PBXFileReference; lastKnownFileType = text.plist.xml; path = Info.plist; sourceTree = "<group>"; };
		47CF092F1C7A466C0077D437 /* WatchSwordTests.xctest */ = {isa = PBXFileReference; explicitFileType = wrapper.cfbundle; includeInIndex = 0; path = WatchSwordTests.xctest; sourceTree = BUILT_PRODUCTS_DIR; };
		47CF09331C7A466C0077D437 /* WatchSwordTests.swift */ = {isa = PBXFileReference; lastKnownFileType = sourcecode.swift; path = WatchSwordTests.swift; sourceTree = "<group>"; };
		47CF09351C7A466C0077D437 /* Info.plist */ = {isa = PBXFileReference; lastKnownFileType = text.plist.xml; path = Info.plist; sourceTree = "<group>"; };
		47CF093A1C7A466C0077D437 /* WatchSwordUITests.xctest */ = {isa = PBXFileReference; explicitFileType = wrapper.cfbundle; includeInIndex = 0; path = WatchSwordUITests.xctest; sourceTree = BUILT_PRODUCTS_DIR; };
		47CF093E1C7A466C0077D437 /* WatchSwordUITests.swift */ = {isa = PBXFileReference; lastKnownFileType = sourcecode.swift; path = WatchSwordUITests.swift; sourceTree = "<group>"; };
		47CF09401C7A466C0077D437 /* Info.plist */ = {isa = PBXFileReference; lastKnownFileType = text.plist.xml; path = Info.plist; sourceTree = "<group>"; };
		47CF09431C7A466C0077D437 /* WatchSword WatchKit App.app */ = {isa = PBXFileReference; explicitFileType = wrapper.application; includeInIndex = 0; path = "WatchSword WatchKit App.app"; sourceTree = BUILT_PRODUCTS_DIR; };
		47CF09491C7A466C0077D437 /* Base */ = {isa = PBXFileReference; lastKnownFileType = file.storyboard; name = Base; path = Base.lproj/Interface.storyboard; sourceTree = "<group>"; };
		47CF094B1C7A466C0077D437 /* Assets.xcassets */ = {isa = PBXFileReference; lastKnownFileType = folder.assetcatalog; path = Assets.xcassets; sourceTree = "<group>"; };
		47CF094D1C7A466C0077D437 /* Info.plist */ = {isa = PBXFileReference; lastKnownFileType = text.plist.xml; path = Info.plist; sourceTree = "<group>"; };
		47CF09521C7A466C0077D437 /* WatchSword WatchKit Extension.appex */ = {isa = PBXFileReference; explicitFileType = "wrapper.app-extension"; includeInIndex = 0; path = "WatchSword WatchKit Extension.appex"; sourceTree = BUILT_PRODUCTS_DIR; };
		47CF09581C7A466C0077D437 /* PushNotificationPayload.apns */ = {isa = PBXFileReference; lastKnownFileType = text; path = PushNotificationPayload.apns; sourceTree = "<group>"; };
		47CF09591C7A466C0077D437 /* InterfaceController.swift */ = {isa = PBXFileReference; lastKnownFileType = sourcecode.swift; path = InterfaceController.swift; sourceTree = "<group>"; };
		47CF095B1C7A466C0077D437 /* ExtensionDelegate.swift */ = {isa = PBXFileReference; lastKnownFileType = sourcecode.swift; path = ExtensionDelegate.swift; sourceTree = "<group>"; };
		47CF095D1C7A466C0077D437 /* NotificationController.swift */ = {isa = PBXFileReference; lastKnownFileType = sourcecode.swift; path = NotificationController.swift; sourceTree = "<group>"; };
		47CF095F1C7A466C0077D437 /* Assets.xcassets */ = {isa = PBXFileReference; lastKnownFileType = folder.assetcatalog; path = Assets.xcassets; sourceTree = "<group>"; };
		47CF09611C7A466C0077D437 /* Info.plist */ = {isa = PBXFileReference; lastKnownFileType = text.plist.xml; path = Info.plist; sourceTree = "<group>"; };
/* End PBXFileReference section */

/* Begin PBXFrameworksBuildPhase section */
		47CF09181C7A466C0077D437 /* Frameworks */ = {
			isa = PBXFrameworksBuildPhase;
			buildActionMask = 2147483647;
			files = (
			);
			runOnlyForDeploymentPostprocessing = 0;
		};
		47CF092C1C7A466C0077D437 /* Frameworks */ = {
			isa = PBXFrameworksBuildPhase;
			buildActionMask = 2147483647;
			files = (
			);
			runOnlyForDeploymentPostprocessing = 0;
		};
		47CF09371C7A466C0077D437 /* Frameworks */ = {
			isa = PBXFrameworksBuildPhase;
			buildActionMask = 2147483647;
			files = (
			);
			runOnlyForDeploymentPostprocessing = 0;
		};
		47CF094F1C7A466C0077D437 /* Frameworks */ = {
			isa = PBXFrameworksBuildPhase;
			buildActionMask = 2147483647;
			files = (
			);
			runOnlyForDeploymentPostprocessing = 0;
		};
/* End PBXFrameworksBuildPhase section */

/* Begin PBXGroup section */
		47CF09121C7A466C0077D437 = {
			isa = PBXGroup;
			children = (
				47CF091D1C7A466C0077D437 /* WatchSword */,
				47CF09321C7A466C0077D437 /* WatchSwordTests */,
				47CF093D1C7A466C0077D437 /* WatchSwordUITests */,
				47CF09471C7A466C0077D437 /* WatchSword WatchKit App */,
				47CF09561C7A466C0077D437 /* WatchSword WatchKit Extension */,
				47CF091C1C7A466C0077D437 /* Products */,
			);
			sourceTree = "<group>";
		};
		47CF091C1C7A466C0077D437 /* Products */ = {
			isa = PBXGroup;
			children = (
				47CF091B1C7A466C0077D437 /* WatchSword.app */,
				47CF092F1C7A466C0077D437 /* WatchSwordTests.xctest */,
				47CF093A1C7A466C0077D437 /* WatchSwordUITests.xctest */,
				47CF09431C7A466C0077D437 /* WatchSword WatchKit App.app */,
				47CF09521C7A466C0077D437 /* WatchSword WatchKit Extension.appex */,
			);
			name = Products;
			sourceTree = "<group>";
		};
		47CF091D1C7A466C0077D437 /* WatchSword */ = {
			isa = PBXGroup;
			children = (
				47CF091E1C7A466C0077D437 /* AppDelegate.swift */,
				47CF09201C7A466C0077D437 /* ViewController.swift */,
				47CF09221C7A466C0077D437 /* Main.storyboard */,
				47CF09251C7A466C0077D437 /* Assets.xcassets */,
				47CF09271C7A466C0077D437 /* LaunchScreen.storyboard */,
				47CF092A1C7A466C0077D437 /* Info.plist */,
			);
			path = WatchSword;
			sourceTree = "<group>";
		};
		47CF09321C7A466C0077D437 /* WatchSwordTests */ = {
			isa = PBXGroup;
			children = (
				47CF09331C7A466C0077D437 /* WatchSwordTests.swift */,
				47CF09351C7A466C0077D437 /* Info.plist */,
			);
			path = WatchSwordTests;
			sourceTree = "<group>";
		};
		47CF093D1C7A466C0077D437 /* WatchSwordUITests */ = {
			isa = PBXGroup;
			children = (
				47CF093E1C7A466C0077D437 /* WatchSwordUITests.swift */,
				47CF09401C7A466C0077D437 /* Info.plist */,
			);
			path = WatchSwordUITests;
			sourceTree = "<group>";
		};
		47CF09471C7A466C0077D437 /* WatchSword WatchKit App */ = {
			isa = PBXGroup;
			children = (
				47CF09481C7A466C0077D437 /* Interface.storyboard */,
				47CF094B1C7A466C0077D437 /* Assets.xcassets */,
				47CF094D1C7A466C0077D437 /* Info.plist */,
			);
			path = "WatchSword WatchKit App";
			sourceTree = "<group>";
		};
		47CF09561C7A466C0077D437 /* WatchSword WatchKit Extension */ = {
			isa = PBXGroup;
			children = (
				47CF09591C7A466C0077D437 /* InterfaceController.swift */,
				47CF095B1C7A466C0077D437 /* ExtensionDelegate.swift */,
				47CF095D1C7A466C0077D437 /* NotificationController.swift */,
				47CF095F1C7A466C0077D437 /* Assets.xcassets */,
				47CF09611C7A466C0077D437 /* Info.plist */,
				47CF09571C7A466C0077D437 /* Supporting Files */,
			);
			path = "WatchSword WatchKit Extension";
			sourceTree = "<group>";
		};
		47CF09571C7A466C0077D437 /* Supporting Files */ = {
			isa = PBXGroup;
			children = (
				47CF09581C7A466C0077D437 /* PushNotificationPayload.apns */,
			);
			name = "Supporting Files";
			sourceTree = "<group>";
		};
/* End PBXGroup section */

/* Begin PBXNativeTarget section */
		47CF091A1C7A466C0077D437 /* WatchSword */ = {
			isa = PBXNativeTarget;
			buildConfigurationList = 47CF096C1C7A466C0077D437 /* Build configuration list for PBXNativeTarget "WatchSword" */;
			buildPhases = (
				47CF09171C7A466C0077D437 /* Sources */,
				47CF09181C7A466C0077D437 /* Frameworks */,
				47CF09191C7A466C0077D437 /* Resources */,
				47CF096B1C7A466C0077D437 /* Embed Watch Content */,
			);
			buildRules = (
			);
			dependencies = (
				47CF09461C7A466C0077D437 /* PBXTargetDependency */,
			);
			name = WatchSword;
			productName = WatchSword;
			productReference = 47CF091B1C7A466C0077D437 /* WatchSword.app */;
			productType = "com.apple.product-type.application";
		};
		47CF092E1C7A466C0077D437 /* WatchSwordTests */ = {
			isa = PBXNativeTarget;
			buildConfigurationList = 47CF096F1C7A466C0077D437 /* Build configuration list for PBXNativeTarget "WatchSwordTests" */;
			buildPhases = (
				47CF092B1C7A466C0077D437 /* Sources */,
				47CF092C1C7A466C0077D437 /* Frameworks */,
				47CF092D1C7A466C0077D437 /* Resources */,
			);
			buildRules = (
			);
			dependencies = (
				47CF09311C7A466C0077D437 /* PBXTargetDependency */,
			);
			name = WatchSwordTests;
			productName = WatchSwordTests;
			productReference = 47CF092F1C7A466C0077D437 /* WatchSwordTests.xctest */;
			productType = "com.apple.product-type.bundle.unit-test";
		};
		47CF09391C7A466C0077D437 /* WatchSwordUITests */ = {
			isa = PBXNativeTarget;
			buildConfigurationList = 47CF09721C7A466C0077D437 /* Build configuration list for PBXNativeTarget "WatchSwordUITests" */;
			buildPhases = (
				47CF09361C7A466C0077D437 /* Sources */,
				47CF09371C7A466C0077D437 /* Frameworks */,
				47CF09381C7A466C0077D437 /* Resources */,
			);
			buildRules = (
			);
			dependencies = (
				47CF093C1C7A466C0077D437 /* PBXTargetDependency */,
			);
			name = WatchSwordUITests;
			productName = WatchSwordUITests;
			productReference = 47CF093A1C7A466C0077D437 /* WatchSwordUITests.xctest */;
			productType = "com.apple.product-type.bundle.ui-testing";
		};
		47CF09421C7A466C0077D437 /* WatchSword WatchKit App */ = {
			isa = PBXNativeTarget;
			buildConfigurationList = 47CF09681C7A466C0077D437 /* Build configuration list for PBXNativeTarget "WatchSword WatchKit App" */;
			buildPhases = (
				47CF09411C7A466C0077D437 /* Resources */,
				47CF09671C7A466C0077D437 /* Embed App Extensions */,
			);
			buildRules = (
			);
			dependencies = (
				47CF09551C7A466C0077D437 /* PBXTargetDependency */,
			);
			name = "WatchSword WatchKit App";
			productName = "WatchSword WatchKit App";
			productReference = 47CF09431C7A466C0077D437 /* WatchSword WatchKit App.app */;
			productType = "com.apple.product-type.application.watchapp2";
		};
		47CF09511C7A466C0077D437 /* WatchSword WatchKit Extension */ = {
			isa = PBXNativeTarget;
			buildConfigurationList = 47CF09641C7A466C0077D437 /* Build configuration list for PBXNativeTarget "WatchSword WatchKit Extension" */;
			buildPhases = (
				47CF094E1C7A466C0077D437 /* Sources */,
				47CF094F1C7A466C0077D437 /* Frameworks */,
				47CF09501C7A466C0077D437 /* Resources */,
			);
			buildRules = (
			);
			dependencies = (
			);
			name = "WatchSword WatchKit Extension";
			productName = "WatchSword WatchKit Extension";
			productReference = 47CF09521C7A466C0077D437 /* WatchSword WatchKit Extension.appex */;
			productType = "com.apple.product-type.watchkit2-extension";
		};
/* End PBXNativeTarget section */

/* Begin PBXProject section */
		47CF09131C7A466C0077D437 /* Project object */ = {
			isa = PBXProject;
			attributes = {
				LastSwiftUpdateCheck = 0720;
				LastUpgradeCheck = 0720;
				ORGANIZATIONNAME = Psidium;
				TargetAttributes = {
					47CF091A1C7A466C0077D437 = {
						CreatedOnToolsVersion = 7.2.1;
					};
					47CF092E1C7A466C0077D437 = {
						CreatedOnToolsVersion = 7.2.1;
						TestTargetID = 47CF091A1C7A466C0077D437;
					};
					47CF09391C7A466C0077D437 = {
						CreatedOnToolsVersion = 7.2.1;
						TestTargetID = 47CF091A1C7A466C0077D437;
					};
					47CF09421C7A466C0077D437 = {
						CreatedOnToolsVersion = 7.2.1;
					};
					47CF09511C7A466C0077D437 = {
						CreatedOnToolsVersion = 7.2.1;
					};
				};
			};
			buildConfigurationList = 47CF09161C7A466C0077D437 /* Build configuration list for PBXProject "WatchSword" */;
			compatibilityVersion = "Xcode 3.2";
			developmentRegion = English;
			hasScannedForEncodings = 0;
			knownRegions = (
				en,
				Base,
			);
			mainGroup = 47CF09121C7A466C0077D437;
			productRefGroup = 47CF091C1C7A466C0077D437 /* Products */;
			projectDirPath = "";
			projectRoot = "";
			targets = (
				47CF091A1C7A466C0077D437 /* WatchSword */,
				47CF092E1C7A466C0077D437 /* WatchSwordTests */,
				47CF09391C7A466C0077D437 /* WatchSwordUITests */,
				47CF09421C7A466C0077D437 /* WatchSword WatchKit App */,
				47CF09511C7A466C0077D437 /* WatchSword WatchKit Extension */,
			);
		};
/* End PBXProject section */

/* Begin PBXResourcesBuildPhase section */
		47CF09191C7A466C0077D437 /* Resources */ = {
			isa = PBXResourcesBuildPhase;
			buildActionMask = 2147483647;
			files = (
				47CF09291C7A466C0077D437 /* LaunchScreen.storyboard in Resources */,
				47CF09261C7A466C0077D437 /* Assets.xcassets in Resources */,
				47CF09241C7A466C0077D437 /* Main.storyboard in Resources */,
			);
			runOnlyForDeploymentPostprocessing = 0;
		};
		47CF092D1C7A466C0077D437 /* Resources */ = {
			isa = PBXResourcesBuildPhase;
			buildActionMask = 2147483647;
			files = (
			);
			runOnlyForDeploymentPostprocessing = 0;
		};
		47CF09381C7A466C0077D437 /* Resources */ = {
			isa = PBXResourcesBuildPhase;
			buildActionMask = 2147483647;
			files = (
			);
			runOnlyForDeploymentPostprocessing = 0;
		};
		47CF09411C7A466C0077D437 /* Resources */ = {
			isa = PBXResourcesBuildPhase;
			buildActionMask = 2147483647;
			files = (
				47CF094C1C7A466C0077D437 /* Assets.xcassets in Resources */,
				47CF094A1C7A466C0077D437 /* Interface.storyboard in Resources */,
			);
			runOnlyForDeploymentPostprocessing = 0;
		};
		47CF09501C7A466C0077D437 /* Resources */ = {
			isa = PBXResourcesBuildPhase;
			buildActionMask = 2147483647;
			files = (
				47CF09601C7A466C0077D437 /* Assets.xcassets in Resources */,
			);
			runOnlyForDeploymentPostprocessing = 0;
		};
/* End PBXResourcesBuildPhase section */

/* Begin PBXSourcesBuildPhase section */
		47CF09171C7A466C0077D437 /* Sources */ = {
			isa = PBXSourcesBuildPhase;
			buildActionMask = 2147483647;
			files = (
				47CF09211C7A466C0077D437 /* ViewController.swift in Sources */,
				47CF091F1C7A466C0077D437 /* AppDelegate.swift in Sources */,
			);
			runOnlyForDeploymentPostprocessing = 0;
		};
		47CF092B1C7A466C0077D437 /* Sources */ = {
			isa = PBXSourcesBuildPhase;
			buildActionMask = 2147483647;
			files = (
				47CF09341C7A466C0077D437 /* WatchSwordTests.swift in Sources */,
			);
			runOnlyForDeploymentPostprocessing = 0;
		};
		47CF09361C7A466C0077D437 /* Sources */ = {
			isa = PBXSourcesBuildPhase;
			buildActionMask = 2147483647;
			files = (
				47CF093F1C7A466C0077D437 /* WatchSwordUITests.swift in Sources */,
			);
			runOnlyForDeploymentPostprocessing = 0;
		};
		47CF094E1C7A466C0077D437 /* Sources */ = {
			isa = PBXSourcesBuildPhase;
			buildActionMask = 2147483647;
			files = (
				47CF095E1C7A466C0077D437 /* NotificationController.swift in Sources */,
				47CF095C1C7A466C0077D437 /* ExtensionDelegate.swift in Sources */,
				47CF095A1C7A466C0077D437 /* InterfaceController.swift in Sources */,
			);
			runOnlyForDeploymentPostprocessing = 0;
		};
/* End PBXSourcesBuildPhase section */

/* Begin PBXTargetDependency section */
		47CF09311C7A466C0077D437 /* PBXTargetDependency */ = {
			isa = PBXTargetDependency;
			target = 47CF091A1C7A466C0077D437 /* WatchSword */;
			targetProxy = 47CF09301C7A466C0077D437 /* PBXContainerItemProxy */;
		};
		47CF093C1C7A466C0077D437 /* PBXTargetDependency */ = {
			isa = PBXTargetDependency;
			target = 47CF091A1C7A466C0077D437 /* WatchSword */;
			targetProxy = 47CF093B1C7A466C0077D437 /* PBXContainerItemProxy */;
		};
		47CF09461C7A466C0077D437 /* PBXTargetDependency */ = {
			isa = PBXTargetDependency;
			target = 47CF09421C7A466C0077D437 /* WatchSword WatchKit App */;
			targetProxy = 47CF09451C7A466C0077D437 /* PBXContainerItemProxy */;
		};
		47CF09551C7A466C0077D437 /* PBXTargetDependency */ = {
			isa = PBXTargetDependency;
			target = 47CF09511C7A466C0077D437 /* WatchSword WatchKit Extension */;
			targetProxy = 47CF09541C7A466C0077D437 /* PBXContainerItemProxy */;
		};
/* End PBXTargetDependency section */

/* Begin PBXVariantGroup section */
		47CF09221C7A466C0077D437 /* Main.storyboard */ = {
			isa = PBXVariantGroup;
			children = (
				47CF09231C7A466C0077D437 /* Base */,
			);
			name = Main.storyboard;
			sourceTree = "<group>";
		};
		47CF09271C7A466C0077D437 /* LaunchScreen.storyboard */ = {
			isa = PBXVariantGroup;
			children = (
				47CF09281C7A466C0077D437 /* Base */,
			);
			name = LaunchScreen.storyboard;
			sourceTree = "<group>";
		};
		47CF09481C7A466C0077D437 /* Interface.storyboard */ = {
			isa = PBXVariantGroup;
			children = (
				47CF09491C7A466C0077D437 /* Base */,
			);
			name = Interface.storyboard;
			sourceTree = "<group>";
		};
/* End PBXVariantGroup section */

/* Begin XCBuildConfiguration section */
		47CF09621C7A466C0077D437 /* Debug */ = {
			isa = XCBuildConfiguration;
			buildSettings = {
				ALWAYS_SEARCH_USER_PATHS = NO;
				CLANG_CXX_LANGUAGE_STANDARD = "gnu++0x";
				CLANG_CXX_LIBRARY = "libc++";
				CLANG_ENABLE_MODULES = YES;
				CLANG_ENABLE_OBJC_ARC = YES;
				CLANG_WARN_BOOL_CONVERSION = YES;
				CLANG_WARN_CONSTANT_CONVERSION = YES;
				CLANG_WARN_DIRECT_OBJC_ISA_USAGE = YES_ERROR;
				CLANG_WARN_EMPTY_BODY = YES;
				CLANG_WARN_ENUM_CONVERSION = YES;
				CLANG_WARN_INT_CONVERSION = YES;
				CLANG_WARN_OBJC_ROOT_CLASS = YES_ERROR;
				CLANG_WARN_UNREACHABLE_CODE = YES;
				CLANG_WARN__DUPLICATE_METHOD_MATCH = YES;
				"CODE_SIGN_IDENTITY[sdk=iphoneos*]" = "iPhone Developer";
				COPY_PHASE_STRIP = NO;
				DEBUG_INFORMATION_FORMAT = dwarf;
				ENABLE_STRICT_OBJC_MSGSEND = YES;
				ENABLE_TESTABILITY = YES;
				GCC_C_LANGUAGE_STANDARD = gnu99;
				GCC_DYNAMIC_NO_PIC = NO;
				GCC_NO_COMMON_BLOCKS = YES;
				GCC_OPTIMIZATION_LEVEL = 0;
				GCC_PREPROCESSOR_DEFINITIONS = (
					"DEBUG=1",
					"$(inherited)",
				);
				GCC_WARN_64_TO_32_BIT_CONVERSION = YES;
				GCC_WARN_ABOUT_RETURN_TYPE = YES_ERROR;
				GCC_WARN_UNDECLARED_SELECTOR = YES;
				GCC_WARN_UNINITIALIZED_AUTOS = YES_AGGRESSIVE;
				GCC_WARN_UNUSED_FUNCTION = YES;
				GCC_WARN_UNUSED_VARIABLE = YES;
				IPHONEOS_DEPLOYMENT_TARGET = 9.2;
				MTL_ENABLE_DEBUG_INFO = YES;
				ONLY_ACTIVE_ARCH = YES;
				SDKROOT = iphoneos;
				SWIFT_OPTIMIZATION_LEVEL = "-Onone";
			};
			name = Debug;
		};
		47CF09631C7A466C0077D437 /* Release */ = {
			isa = XCBuildConfiguration;
			buildSettings = {
				ALWAYS_SEARCH_USER_PATHS = NO;
				CLANG_CXX_LANGUAGE_STANDARD = "gnu++0x";
				CLANG_CXX_LIBRARY = "libc++";
				CLANG_ENABLE_MODULES = YES;
				CLANG_ENABLE_OBJC_ARC = YES;
				CLANG_WARN_BOOL_CONVERSION = YES;
				CLANG_WARN_CONSTANT_CONVERSION = YES;
				CLANG_WARN_DIRECT_OBJC_ISA_USAGE = YES_ERROR;
				CLANG_WARN_EMPTY_BODY = YES;
				CLANG_WARN_ENUM_CONVERSION = YES;
				CLANG_WARN_INT_CONVERSION = YES;
				CLANG_WARN_OBJC_ROOT_CLASS = YES_ERROR;
				CLANG_WARN_UNREACHABLE_CODE = YES;
				CLANG_WARN__DUPLICATE_METHOD_MATCH = YES;
				"CODE_SIGN_IDENTITY[sdk=iphoneos*]" = "iPhone Developer";
				COPY_PHASE_STRIP = NO;
				DEBUG_INFORMATION_FORMAT = "dwarf-with-dsym";
				ENABLE_NS_ASSERTIONS = NO;
				ENABLE_STRICT_OBJC_MSGSEND = YES;
				GCC_C_LANGUAGE_STANDARD = gnu99;
				GCC_NO_COMMON_BLOCKS = YES;
				GCC_WARN_64_TO_32_BIT_CONVERSION = YES;
				GCC_WARN_ABOUT_RETURN_TYPE = YES_ERROR;
				GCC_WARN_UNDECLARED_SELECTOR = YES;
				GCC_WARN_UNINITIALIZED_AUTOS = YES_AGGRESSIVE;
				GCC_WARN_UNUSED_FUNCTION = YES;
				GCC_WARN_UNUSED_VARIABLE = YES;
				IPHONEOS_DEPLOYMENT_TARGET = 9.2;
				MTL_ENABLE_DEBUG_INFO = NO;
				SDKROOT = iphoneos;
				VALIDATE_PRODUCT = YES;
			};
			name = Release;
		};
		47CF09651C7A466C0077D437 /* Debug */ = {
			isa = XCBuildConfiguration;
			buildSettings = {
				INFOPLIST_FILE = "WatchSword WatchKit Extension/Info.plist";
				LD_RUNPATH_SEARCH_PATHS = "$(inherited) @executable_path/Frameworks @executable_path/../../Frameworks";
				PRODUCT_BUNDLE_IDENTIFIER = br.com.psidium.WatchSword.watchkitapp.watchkitextension;
				PRODUCT_NAME = "${TARGET_NAME}";
				SDKROOT = watchos;
				SKIP_INSTALL = YES;
				TARGETED_DEVICE_FAMILY = 4;
				WATCHOS_DEPLOYMENT_TARGET = 2.1;
			};
			name = Debug;
		};
		47CF09661C7A466C0077D437 /* Release */ = {
			isa = XCBuildConfiguration;
			buildSettings = {
				INFOPLIST_FILE = "WatchSword WatchKit Extension/Info.plist";
				LD_RUNPATH_SEARCH_PATHS = "$(inherited) @executable_path/Frameworks @executable_path/../../Frameworks";
				PRODUCT_BUNDLE_IDENTIFIER = br.com.psidium.WatchSword.watchkitapp.watchkitextension;
				PRODUCT_NAME = "${TARGET_NAME}";
				SDKROOT = watchos;
				SKIP_INSTALL = YES;
				TARGETED_DEVICE_FAMILY = 4;
				WATCHOS_DEPLOYMENT_TARGET = 2.1;
			};
			name = Release;
		};
		47CF09691C7A466C0077D437 /* Debug */ = {
			isa = XCBuildConfiguration;
			buildSettings = {
				ASSETCATALOG_COMPILER_APPICON_NAME = AppIcon;
				EMBEDDED_CONTENT_CONTAINS_SWIFT = YES;
				IBSC_MODULE = WatchSword_WatchKit_Extension;
				INFOPLIST_FILE = "WatchSword WatchKit App/Info.plist";
				PRODUCT_BUNDLE_IDENTIFIER = br.com.psidium.WatchSword.watchkitapp;
				PRODUCT_NAME = "$(TARGET_NAME)";
				SDKROOT = watchos;
				SKIP_INSTALL = YES;
				TARGETED_DEVICE_FAMILY = 4;
				WATCHOS_DEPLOYMENT_TARGET = 2.1;
			};
			name = Debug;
		};
		47CF096A1C7A466C0077D437 /* Release */ = {
			isa = XCBuildConfiguration;
			buildSettings = {
				ASSETCATALOG_COMPILER_APPICON_NAME = AppIcon;
				EMBEDDED_CONTENT_CONTAINS_SWIFT = YES;
				IBSC_MODULE = WatchSword_WatchKit_Extension;
				INFOPLIST_FILE = "WatchSword WatchKit App/Info.plist";
				PRODUCT_BUNDLE_IDENTIFIER = br.com.psidium.WatchSword.watchkitapp;
				PRODUCT_NAME = "$(TARGET_NAME)";
				SDKROOT = watchos;
				SKIP_INSTALL = YES;
				TARGETED_DEVICE_FAMILY = 4;
				WATCHOS_DEPLOYMENT_TARGET = 2.1;
			};
			name = Release;
		};
		47CF096D1C7A466C0077D437 /* Debug */ = {
			isa = XCBuildConfiguration;
			buildSettings = {
				ASSETCATALOG_COMPILER_APPICON_NAME = AppIcon;
				INFOPLIST_FILE = WatchSword/Info.plist;
				LD_RUNPATH_SEARCH_PATHS = "$(inherited) @executable_path/Frameworks";
				PRODUCT_BUNDLE_IDENTIFIER = br.com.psidium.WatchSword;
				PRODUCT_NAME = "$(TARGET_NAME)";
			};
			name = Debug;
		};
		47CF096E1C7A466C0077D437 /* Release */ = {
			isa = XCBuildConfiguration;
			buildSettings = {
				ASSETCATALOG_COMPILER_APPICON_NAME = AppIcon;
				INFOPLIST_FILE = WatchSword/Info.plist;
				LD_RUNPATH_SEARCH_PATHS = "$(inherited) @executable_path/Frameworks";
				PRODUCT_BUNDLE_IDENTIFIER = br.com.psidium.WatchSword;
				PRODUCT_NAME = "$(TARGET_NAME)";
			};
			name = Release;
		};
		47CF09701C7A466C0077D437 /* Debug */ = {
			isa = XCBuildConfiguration;
			buildSettings = {
				BUNDLE_LOADER = "$(TEST_HOST)";
				INFOPLIST_FILE = WatchSwordTests/Info.plist;
				LD_RUNPATH_SEARCH_PATHS = "$(inherited) @executable_path/Frameworks @loader_path/Frameworks";
				PRODUCT_BUNDLE_IDENTIFIER = br.com.psidium.WatchSwordTests;
				PRODUCT_NAME = "$(TARGET_NAME)";
				TEST_HOST = "$(BUILT_PRODUCTS_DIR)/WatchSword.app/WatchSword";
			};
			name = Debug;
		};
		47CF09711C7A466C0077D437 /* Release */ = {
			isa = XCBuildConfiguration;
			buildSettings = {
				BUNDLE_LOADER = "$(TEST_HOST)";
				INFOPLIST_FILE = WatchSwordTests/Info.plist;
				LD_RUNPATH_SEARCH_PATHS = "$(inherited) @executable_path/Frameworks @loader_path/Frameworks";
				PRODUCT_BUNDLE_IDENTIFIER = br.com.psidium.WatchSwordTests;
				PRODUCT_NAME = "$(TARGET_NAME)";
				TEST_HOST = "$(BUILT_PRODUCTS_DIR)/WatchSword.app/WatchSword";
			};
			name = Release;
		};
		47CF09731C7A466C0077D437 /* Debug */ = {
			isa = XCBuildConfiguration;
			buildSettings = {
				INFOPLIST_FILE = WatchSwordUITests/Info.plist;
				LD_RUNPATH_SEARCH_PATHS = "$(inherited) @executable_path/Frameworks @loader_path/Frameworks";
				PRODUCT_BUNDLE_IDENTIFIER = br.com.psidium.WatchSwordUITests;
				PRODUCT_NAME = "$(TARGET_NAME)";
				TEST_TARGET_NAME = WatchSword;
				USES_XCTRUNNER = YES;
			};
			name = Debug;
		};
		47CF09741C7A466C0077D437 /* Release */ = {
			isa = XCBuildConfiguration;
			buildSettings = {
				INFOPLIST_FILE = WatchSwordUITests/Info.plist;
				LD_RUNPATH_SEARCH_PATHS = "$(inherited) @executable_path/Frameworks @loader_path/Frameworks";
				PRODUCT_BUNDLE_IDENTIFIER = br.com.psidium.WatchSwordUITests;
				PRODUCT_NAME = "$(TARGET_NAME)";
				TEST_TARGET_NAME = WatchSword;
				USES_XCTRUNNER = YES;
			};
			name = Release;
		};
/* End XCBuildConfiguration section */

/* Begin XCConfigurationList section */
		47CF09161C7A466C0077D437 /* Build configuration list for PBXProject "WatchSword" */ = {
			isa = XCConfigurationList;
			buildConfigurations = (
				47CF09621C7A466C0077D437 /* Debug */,
				47CF09631C7A466C0077D437 /* Release */,
			);
			defaultConfigurationIsVisible = 0;
			defaultConfigurationName = Release;
		};
		47CF09641C7A466C0077D437 /* Build configuration list for PBXNativeTarget "WatchSword WatchKit Extension" */ = {
			isa = XCConfigurationList;
			buildConfigurations = (
				47CF09651C7A466C0077D437 /* Debug */,
				47CF09661C7A466C0077D437 /* Release */,
			);
			defaultConfigurationIsVisible = 0;
		};
		47CF09681C7A466C0077D437 /* Build configuration list for PBXNativeTarget "WatchSword WatchKit App" */ = {
			isa = XCConfigurationList;
			buildConfigurations = (
				47CF09691C7A466C0077D437 /* Debug */,
				47CF096A1C7A466C0077D437 /* Release */,
			);
			defaultConfigurationIsVisible = 0;
		};
		47CF096C1C7A466C0077D437 /* Build configuration list for PBXNativeTarget "WatchSword" */ = {
			isa = XCConfigurationList;
			buildConfigurations = (
				47CF096D1C7A466C0077D437 /* Debug */,
				47CF096E1C7A466C0077D437 /* Release */,
			);
			defaultConfigurationIsVisible = 0;
		};
		47CF096F1C7A466C0077D437 /* Build configuration list for PBXNativeTarget "WatchSwordTests" */ = {
			isa = XCConfigurationList;
			buildConfigurations = (
				47CF09701C7A466C0077D437 /* Debug */,
				47CF09711C7A466C0077D437 /* Release */,
			);
			defaultConfigurationIsVisible = 0;
		};
		47CF09721C7A466C0077D437 /* Build configuration list for PBXNativeTarget "WatchSwordUITests" */ = {
			isa = XCConfigurationList;
			buildConfigurations = (
				47CF09731C7A466C0077D437 /* Debug */,
				47CF09741C7A466C0077D437 /* Release */,
			);
			defaultConfigurationIsVisible = 0;
		};
/* End XCConfigurationList section */
	};
	rootObject = 47CF09131C7A466C0077D437 /* Project object */;
}
